
Microsoft Visual Studio Solution File, Format Version 12.00
# Visual Studio Version 17
VisualStudioVersion = 17.8.34309.116
MinimumVisualStudioVersion = 10.0.40219.1
Project("{FAE04EC0-301F-11D3-BF4B-00C04F79EFBC}") = "MVCBook105", "MVCBook105\MVCBook105.csproj", "{5B7998AB-9646-4495-A7A2-6BC61CD06255}"
EndProject
Global
	GlobalSection(SolutionConfigurationPlatforms) = preSolution
		Debug|Any CPU = Debug|Any CPU
		Release|Any CPU = Release|Any CPU
	EndGlobalSection
	GlobalSection(ProjectConfigurationPlatforms) = postSolution
		{5B7998AB-9646-4495-A7A2-6BC61CD06255}.Debug|Any CPU.ActiveCfg = Debug|Any CPU
		{5B7998AB-9646-4495-A7A2-6BC61CD06255}.Debug|Any CPU.Build.0 = Debug|Any CPU
		{5B7998AB-9646-4495-A7A2-6BC61CD06255}.Release|Any CPU.ActiveCfg = Release|Any CPU
		{5B7998AB-9646-4495-A7A2-6BC61CD06255}.Release|Any CPU.Build.0 = Release|Any CPU
	EndGlobalSection
	GlobalSection(SolutionProperties) = preSolution
		HideSolutionNode = FALSE
	EndGlobalSection
	GlobalSection(ExtensibilityGlobals) = postSolution
		SolutionGuid = {3FF30E36-752E-47CB-B846-9021F468C1C1}
	EndGlobalSection
EndGlobal
